{
  "name": "deepAudio",
  "version": "0.0.0",
  "lockfileVersion": 3,
  "requires": true,
  "private": true,
  "packages": {},
  "devDependencies": {
    "@angular-devkit/build-angular": "^18.2.6",
    "@angular/cli": "^18.2.6",
    "@angular/compiler-cli": "^18.2.0",
    "@types/express": "^4.17.17",
    "@types/jasmine": "~5.1.0",
    "@types/node": "^18.18.0",
    "jasmine-core": "~5.2.0",
    "karma": "~6.4.0",
    "karma-chrome-launcher": "~3.2.0",
    "karma-coverage": "~2.2.0",
    "karma-jasmine": "~5.1.0",
    "karma-jasmine-html-reporter": "~2.1.0",
    "typescript": "~5.5.2"
  },
  "scripts": {
    "build": "ng build",
    "ng": "ng",
    "serve:ssr:deep-audio": "node dist/deep-audio/server/server.mjs",
    "start": "ng serve",
    "test": "ng test",
    "watch": "ng build --watch --configuration development"
  }
}
